{
  "nodes": {
    "nixpkgs": {
      "locked": {
        "lastModified": 1696019113,
        "narHash": "sha256-X3+DKYWJm93DRSdC5M6K5hLqzSya9BjibtBsuARoPco=",
        "owner": "NixOS",
        "repo": "nixpkgs",
        "rev": "f5892ddac112a1e9b3612c39af1b72987ee5783a",
        "type": "github"
      },
      "original": {
        "owner": "NixOS",
        "ref": "nixos-unstable",
        "repo": "nixpkgs",
        "type": "github"
      }
    },
    "nixpkgs_2": {
      "locked": {
        "lastModified": 1695360818,
        "narHash": "sha256-JlkN3R/SSoMTa+CasbxS1gq+GpGxXQlNZRUh9+LIy/0=",
        "owner": "NixOS",
        "repo": "nixpkgs",
        "rev": "e35dcc04a3853da485a396bdd332217d0ac9054f",
        "type": "github"
      },
      "original": {
        "owner": "NixOS",
        "ref": "nixos-unstable",
        "repo": "nixpkgs",
        "type": "github"
      }
    },
    "root": {
      "inputs": {
        "nixpkgs": "nixpkgs",
        "yip": "yip"
      }
    },
    "yip": {
      "inputs": {
        "nixpkgs": "nixpkgs_2"
      },
      "locked": {
        "lastModified": 1695773048,
        "narHash": "sha256-9j83hiNIW9jwC+uzvlHifHeXtq8D8HTk+wFooSzajPc=",
        "owner": "pyrotelekinetic",
        "repo": "yip",
        "rev": "fb64a9fb78fd847e4d4be2e5259b2ac958f0fa5f",
        "type": "github"
      },
      "original": {
        "owner": "pyrotelekinetic",
        "ref": "main",
        "repo": "yip",
        "type": "github"
      }
    }
  },
  "root": "root",
  "version": 7
}
