{
  "nodes": {
    "nixpkgs": {
      "locked": {
        "lastModified": 1676817468,
        "narHash": "sha256-ovuJ1jQOC2/EEibufBkXmSN/O9mLx80Wh7aDmHmHAhA=",
        "owner": "NixOS",
        "repo": "nixpkgs",
        "rev": "0cf4274b5d06325bd16dbf879a30981bc283e58a",
        "type": "github"
      },
      "original": {
        "owner": "NixOS",
        "ref": "release-22.11",
        "repo": "nixpkgs",
        "type": "github"
      }
    },
    "nixpkgs_2": {
      "locked": {
        "lastModified": 1674868155,
        "narHash": "sha256-eFNm2h6fNbgD7ZpO4MHikCB5pSnCJ7DTmwPisjetmwc=",
        "owner": "NixOS",
        "repo": "nixpkgs",
        "rev": "ce20e9ebe1903ea2ba1ab006ec63093020c761cb",
        "type": "github"
      },
      "original": {
        "owner": "NixOS",
        "ref": "release-22.11",
        "repo": "nixpkgs",
        "type": "github"
      }
    },
    "root": {
      "inputs": {
        "nixpkgs": "nixpkgs",
        "yip": "yip"
      }
    },
    "yip": {
      "inputs": {
        "nixpkgs": "nixpkgs_2"
      },
      "locked": {
        "lastModified": 1678054182,
        "narHash": "sha256-0L99SI2/wBb3izT/G/sN2QeQIy3zN0n3WLyZhSHy2VI=",
        "owner": "pyrotelekinetic",
        "repo": "yip",
        "rev": "1b2659295745317f2f2ccf8e490ceb79b1ac3b0c",
        "type": "github"
      },
      "original": {
        "owner": "pyrotelekinetic",
        "ref": "main",
        "repo": "yip",
        "type": "github"
      }
    }
  },
  "root": "root",
  "version": 7
}
